
Microsoft Visual Studio Solution File, Format Version 12.00
# Visual Studio Version 16
VisualStudioVersion = 16.0.32228.343
MinimumVisualStudioVersion = 10.0.40219.1
Project("{FAE04EC0-301F-11D3-BF4B-00C04F79EFBC}") = "Property_02_AutoProperty", "Property_02_AutoProperty\Property_02_AutoProperty.csproj", "{48FDD22F-5796-44D2-B53D-AEB9C326145F}"
EndProject
Global
	GlobalSection(SolutionConfigurationPlatforms) = preSolution
		Debug|Any CPU = Debug|Any CPU
		Release|Any CPU = Release|Any CPU
	EndGlobalSection
	GlobalSection(ProjectConfigurationPlatforms) = postSolution
		{48FDD22F-5796-44D2-B53D-AEB9C326145F}.Debug|Any CPU.ActiveCfg = Debug|Any CPU
		{48FDD22F-5796-44D2-B53D-AEB9C326145F}.Debug|Any CPU.Build.0 = Debug|Any CPU
		{48FDD22F-5796-44D2-B53D-AEB9C326145F}.Release|Any CPU.ActiveCfg = Release|Any CPU
		{48FDD22F-5796-44D2-B53D-AEB9C326145F}.Release|Any CPU.Build.0 = Release|Any CPU
	EndGlobalSection
	GlobalSection(SolutionProperties) = preSolution
		HideSolutionNode = FALSE
	EndGlobalSection
	GlobalSection(ExtensibilityGlobals) = postSolution
		SolutionGuid = {22158E66-62F5-4EE9-AFEC-D33C3E09BE02}
	EndGlobalSection
EndGlobal
