
Microsoft Visual Studio Solution File, Format Version 12.00
# Visual Studio Version 16
VisualStudioVersion = 16.0.32126.315
MinimumVisualStudioVersion = 10.0.40219.1
Project("{FAE04EC0-301F-11D3-BF4B-00C04F79EFBC}") = "break_continue", "break_continue\break_continue.csproj", "{834CD911-F0A8-416D-A277-D75F78CFB45C}"
EndProject
Global
	GlobalSection(SolutionConfigurationPlatforms) = preSolution
		Debug|Any CPU = Debug|Any CPU
		Release|Any CPU = Release|Any CPU
	EndGlobalSection
	GlobalSection(ProjectConfigurationPlatforms) = postSolution
		{834CD911-F0A8-416D-A277-D75F78CFB45C}.Debug|Any CPU.ActiveCfg = Debug|Any CPU
		{834CD911-F0A8-416D-A277-D75F78CFB45C}.Debug|Any CPU.Build.0 = Debug|Any CPU
		{834CD911-F0A8-416D-A277-D75F78CFB45C}.Release|Any CPU.ActiveCfg = Release|Any CPU
		{834CD911-F0A8-416D-A277-D75F78CFB45C}.Release|Any CPU.Build.0 = Release|Any CPU
	EndGlobalSection
	GlobalSection(SolutionProperties) = preSolution
		HideSolutionNode = FALSE
	EndGlobalSection
	GlobalSection(ExtensibilityGlobals) = postSolution
		SolutionGuid = {B4DA97D5-9D25-4968-B904-841624D77047}
	EndGlobalSection
EndGlobal
