
Microsoft Visual Studio Solution File, Format Version 12.00
# Visual Studio Version 16
VisualStudioVersion = 16.0.32228.343
MinimumVisualStudioVersion = 10.0.40219.1
Project("{FAE04EC0-301F-11D3-BF4B-00C04F79EFBC}") = "Dictionary", "Dictionary\Dictionary.csproj", "{8167932E-694D-43D3-81D7-1C3534D64242}"
EndProject
Global
	GlobalSection(SolutionConfigurationPlatforms) = preSolution
		Debug|Any CPU = Debug|Any CPU
		Release|Any CPU = Release|Any CPU
	EndGlobalSection
	GlobalSection(ProjectConfigurationPlatforms) = postSolution
		{8167932E-694D-43D3-81D7-1C3534D64242}.Debug|Any CPU.ActiveCfg = Debug|Any CPU
		{8167932E-694D-43D3-81D7-1C3534D64242}.Debug|Any CPU.Build.0 = Debug|Any CPU
		{8167932E-694D-43D3-81D7-1C3534D64242}.Release|Any CPU.ActiveCfg = Release|Any CPU
		{8167932E-694D-43D3-81D7-1C3534D64242}.Release|Any CPU.Build.0 = Release|Any CPU
	EndGlobalSection
	GlobalSection(SolutionProperties) = preSolution
		HideSolutionNode = FALSE
	EndGlobalSection
	GlobalSection(ExtensibilityGlobals) = postSolution
		SolutionGuid = {14209B83-5103-4034-8935-ED9090981ED4}
	EndGlobalSection
EndGlobal
