
Microsoft Visual Studio Solution File, Format Version 12.00
# Visual Studio Version 16
VisualStudioVersion = 16.0.32228.343
MinimumVisualStudioVersion = 10.0.40219.1
Project("{FAE04EC0-301F-11D3-BF4B-00C04F79EFBC}") = "Property", "Property\Property.csproj", "{E743C6BF-2344-4620-9000-068C27CFE106}"
EndProject
Global
	GlobalSection(SolutionConfigurationPlatforms) = preSolution
		Debug|Any CPU = Debug|Any CPU
		Release|Any CPU = Release|Any CPU
	EndGlobalSection
	GlobalSection(ProjectConfigurationPlatforms) = postSolution
		{E743C6BF-2344-4620-9000-068C27CFE106}.Debug|Any CPU.ActiveCfg = Debug|Any CPU
		{E743C6BF-2344-4620-9000-068C27CFE106}.Debug|Any CPU.Build.0 = Debug|Any CPU
		{E743C6BF-2344-4620-9000-068C27CFE106}.Release|Any CPU.ActiveCfg = Release|Any CPU
		{E743C6BF-2344-4620-9000-068C27CFE106}.Release|Any CPU.Build.0 = Release|Any CPU
	EndGlobalSection
	GlobalSection(SolutionProperties) = preSolution
		HideSolutionNode = FALSE
	EndGlobalSection
	GlobalSection(ExtensibilityGlobals) = postSolution
		SolutionGuid = {BF3A0DDA-F189-4C1D-BB3B-DC901F783EA9}
	EndGlobalSection
EndGlobal
