
Microsoft Visual Studio Solution File, Format Version 12.00
# Visual Studio Version 16
VisualStudioVersion = 16.0.32126.315
MinimumVisualStudioVersion = 10.0.40219.1
Project("{FAE04EC0-301F-11D3-BF4B-00C04F79EFBC}") = "While", "While\While.csproj", "{5558B22B-31DF-412B-AF88-DC69DA8875DC}"
EndProject
Global
	GlobalSection(SolutionConfigurationPlatforms) = preSolution
		Debug|Any CPU = Debug|Any CPU
		Release|Any CPU = Release|Any CPU
	EndGlobalSection
	GlobalSection(ProjectConfigurationPlatforms) = postSolution
		{5558B22B-31DF-412B-AF88-DC69DA8875DC}.Debug|Any CPU.ActiveCfg = Debug|Any CPU
		{5558B22B-31DF-412B-AF88-DC69DA8875DC}.Debug|Any CPU.Build.0 = Debug|Any CPU
		{5558B22B-31DF-412B-AF88-DC69DA8875DC}.Release|Any CPU.ActiveCfg = Release|Any CPU
		{5558B22B-31DF-412B-AF88-DC69DA8875DC}.Release|Any CPU.Build.0 = Release|Any CPU
	EndGlobalSection
	GlobalSection(SolutionProperties) = preSolution
		HideSolutionNode = FALSE
	EndGlobalSection
	GlobalSection(ExtensibilityGlobals) = postSolution
		SolutionGuid = {0C0B9172-BEEC-4485-AB6B-94447A234435}
	EndGlobalSection
EndGlobal
