
Microsoft Visual Studio Solution File, Format Version 12.00
# Visual Studio Version 16
VisualStudioVersion = 16.0.32228.343
MinimumVisualStudioVersion = 10.0.40219.1
Project("{FAE04EC0-301F-11D3-BF4B-00C04F79EFBC}") = "객체지향시작", "객체지향시작\객체지향시작.csproj", "{80B8BE5E-61D7-424F-BEB5-04A15CC44912}"
EndProject
Global
	GlobalSection(SolutionConfigurationPlatforms) = preSolution
		Debug|Any CPU = Debug|Any CPU
		Release|Any CPU = Release|Any CPU
	EndGlobalSection
	GlobalSection(ProjectConfigurationPlatforms) = postSolution
		{80B8BE5E-61D7-424F-BEB5-04A15CC44912}.Debug|Any CPU.ActiveCfg = Debug|Any CPU
		{80B8BE5E-61D7-424F-BEB5-04A15CC44912}.Debug|Any CPU.Build.0 = Debug|Any CPU
		{80B8BE5E-61D7-424F-BEB5-04A15CC44912}.Release|Any CPU.ActiveCfg = Release|Any CPU
		{80B8BE5E-61D7-424F-BEB5-04A15CC44912}.Release|Any CPU.Build.0 = Release|Any CPU
	EndGlobalSection
	GlobalSection(SolutionProperties) = preSolution
		HideSolutionNode = FALSE
	EndGlobalSection
	GlobalSection(ExtensibilityGlobals) = postSolution
		SolutionGuid = {8E0A29B5-20F1-4225-AEF9-EED7F1672E2B}
	EndGlobalSection
EndGlobal
