
Microsoft Visual Studio Solution File, Format Version 12.00
# Visual Studio Version 16
VisualStudioVersion = 16.0.32228.343
MinimumVisualStudioVersion = 10.0.40219.1
Project("{FAE04EC0-301F-11D3-BF4B-00C04F79EFBC}") = "함수", "함수\함수.csproj", "{56F3B34A-022C-40BB-BF9E-EF466F536D8D}"
EndProject
Global
	GlobalSection(SolutionConfigurationPlatforms) = preSolution
		Debug|Any CPU = Debug|Any CPU
		Release|Any CPU = Release|Any CPU
	EndGlobalSection
	GlobalSection(ProjectConfigurationPlatforms) = postSolution
		{56F3B34A-022C-40BB-BF9E-EF466F536D8D}.Debug|Any CPU.ActiveCfg = Debug|Any CPU
		{56F3B34A-022C-40BB-BF9E-EF466F536D8D}.Debug|Any CPU.Build.0 = Debug|Any CPU
		{56F3B34A-022C-40BB-BF9E-EF466F536D8D}.Release|Any CPU.ActiveCfg = Release|Any CPU
		{56F3B34A-022C-40BB-BF9E-EF466F536D8D}.Release|Any CPU.Build.0 = Release|Any CPU
	EndGlobalSection
	GlobalSection(SolutionProperties) = preSolution
		HideSolutionNode = FALSE
	EndGlobalSection
	GlobalSection(ExtensibilityGlobals) = postSolution
		SolutionGuid = {BE185C3E-CEF3-4423-8E9D-0DCE34794649}
	EndGlobalSection
EndGlobal
