
Microsoft Visual Studio Solution File, Format Version 12.00
# Visual Studio Version 16
VisualStudioVersion = 16.0.32228.343
MinimumVisualStudioVersion = 10.0.40219.1
Project("{FAE04EC0-301F-11D3-BF4B-00C04F79EFBC}") = "TextRPG직업고르기", "TextRPG직업고르기\TextRPG직업고르기.csproj", "{EC62C658-ABCC-4DD1-8770-9CDEC010373F}"
EndProject
Global
	GlobalSection(SolutionConfigurationPlatforms) = preSolution
		Debug|Any CPU = Debug|Any CPU
		Release|Any CPU = Release|Any CPU
	EndGlobalSection
	GlobalSection(ProjectConfigurationPlatforms) = postSolution
		{EC62C658-ABCC-4DD1-8770-9CDEC010373F}.Debug|Any CPU.ActiveCfg = Debug|Any CPU
		{EC62C658-ABCC-4DD1-8770-9CDEC010373F}.Debug|Any CPU.Build.0 = Debug|Any CPU
		{EC62C658-ABCC-4DD1-8770-9CDEC010373F}.Release|Any CPU.ActiveCfg = Release|Any CPU
		{EC62C658-ABCC-4DD1-8770-9CDEC010373F}.Release|Any CPU.Build.0 = Release|Any CPU
	EndGlobalSection
	GlobalSection(SolutionProperties) = preSolution
		HideSolutionNode = FALSE
	EndGlobalSection
	GlobalSection(ExtensibilityGlobals) = postSolution
		SolutionGuid = {F23E9FE6-BCC9-4D9C-A6FD-712A44654548}
	EndGlobalSection
EndGlobal
